
Microsoft Visual Studio Solution File, Format Version 12.00
# Visual Studio 15
VisualStudioVersion = 15.0.28307.421
MinimumVisualStudioVersion = 10.0.40219.1
Project("{9A19103F-16F7-4668-BE54-9A1E7A4F7556}") = "Cupertino.Data", "src\Cupertino.Data\Cupertino.Data.csproj", "{7F0F1899-BC5E-4859-9642-53F9FD954331}"
EndProject
Project("{9A19103F-16F7-4668-BE54-9A1E7A4F7556}") = "Cupertino.Core", "src\Cupertino.Core\Cupertino.Core.csproj", "{F2E58F42-F405-451E-A923-E46F7B69F16E}"
EndProject
Project("{2150E333-8FDC-42A3-9474-1A3956D46DE8}") = "Tests", "Tests", "{32B140D9-E6AD-4C5C-AB8E-F191BAA90E8B}"
EndProject
Project("{2150E333-8FDC-42A3-9474-1A3956D46DE8}") = "Configurations", "Configurations", "{BF4FE9C0-8C3A-4607-88CF-0FCA15F802EB}"
	ProjectSection(SolutionItems) = preProject
		.editorconfig = .editorconfig
		.travis.yml = .travis.yml
		global.json = global.json
		README.md = README.md
	EndProjectSection
EndProject
Project("{9A19103F-16F7-4668-BE54-9A1E7A4F7556}") = "Cupertino.WebApp", "src\Cupertino.WebApp\Cupertino.WebApp.csproj", "{C1E6124A-70BB-4F6D-9F1D-E8918BDD3389}"
EndProject
Project("{FAE04EC0-301F-11D3-BF4B-00C04F79EFBC}") = "Cupertino.Application", "src\Cupertino.Application\Cupertino.Application.csproj", "{2244B19E-91DC-4908-9A2A-B798757386F0}"
EndProject
Project("{FAE04EC0-301F-11D3-BF4B-00C04F79EFBC}") = "Cupertino.Application.Tests", "src\Cupertino.Application.Tests\Cupertino.Application.Tests.csproj", "{F34C5B1E-DC34-47D3-837B-3E698E7A2323}"
EndProject
Global
	GlobalSection(SolutionConfigurationPlatforms) = preSolution
		Debug|Any CPU = Debug|Any CPU
		Release|Any CPU = Release|Any CPU
	EndGlobalSection
	GlobalSection(ProjectConfigurationPlatforms) = postSolution
		{7F0F1899-BC5E-4859-9642-53F9FD954331}.Debug|Any CPU.ActiveCfg = Debug|Any CPU
		{7F0F1899-BC5E-4859-9642-53F9FD954331}.Debug|Any CPU.Build.0 = Debug|Any CPU
		{7F0F1899-BC5E-4859-9642-53F9FD954331}.Release|Any CPU.ActiveCfg = Release|Any CPU
		{7F0F1899-BC5E-4859-9642-53F9FD954331}.Release|Any CPU.Build.0 = Release|Any CPU
		{F2E58F42-F405-451E-A923-E46F7B69F16E}.Debug|Any CPU.ActiveCfg = Debug|Any CPU
		{F2E58F42-F405-451E-A923-E46F7B69F16E}.Debug|Any CPU.Build.0 = Debug|Any CPU
		{F2E58F42-F405-451E-A923-E46F7B69F16E}.Release|Any CPU.ActiveCfg = Release|Any CPU
		{F2E58F42-F405-451E-A923-E46F7B69F16E}.Release|Any CPU.Build.0 = Release|Any CPU
		{C1E6124A-70BB-4F6D-9F1D-E8918BDD3389}.Debug|Any CPU.ActiveCfg = Debug|Any CPU
		{C1E6124A-70BB-4F6D-9F1D-E8918BDD3389}.Debug|Any CPU.Build.0 = Debug|Any CPU
		{C1E6124A-70BB-4F6D-9F1D-E8918BDD3389}.Release|Any CPU.ActiveCfg = Release|Any CPU
		{C1E6124A-70BB-4F6D-9F1D-E8918BDD3389}.Release|Any CPU.Build.0 = Release|Any CPU
		{2244B19E-91DC-4908-9A2A-B798757386F0}.Debug|Any CPU.ActiveCfg = Debug|Any CPU
		{2244B19E-91DC-4908-9A2A-B798757386F0}.Debug|Any CPU.Build.0 = Debug|Any CPU
		{2244B19E-91DC-4908-9A2A-B798757386F0}.Release|Any CPU.ActiveCfg = Release|Any CPU
		{2244B19E-91DC-4908-9A2A-B798757386F0}.Release|Any CPU.Build.0 = Release|Any CPU
		{F34C5B1E-DC34-47D3-837B-3E698E7A2323}.Debug|Any CPU.ActiveCfg = Debug|Any CPU
		{F34C5B1E-DC34-47D3-837B-3E698E7A2323}.Debug|Any CPU.Build.0 = Debug|Any CPU
		{F34C5B1E-DC34-47D3-837B-3E698E7A2323}.Release|Any CPU.ActiveCfg = Release|Any CPU
		{F34C5B1E-DC34-47D3-837B-3E698E7A2323}.Release|Any CPU.Build.0 = Release|Any CPU
	EndGlobalSection
	GlobalSection(SolutionProperties) = preSolution
		HideSolutionNode = FALSE
	EndGlobalSection
	GlobalSection(NestedProjects) = preSolution
		{F34C5B1E-DC34-47D3-837B-3E698E7A2323} = {32B140D9-E6AD-4C5C-AB8E-F191BAA90E8B}
	EndGlobalSection
	GlobalSection(ExtensibilityGlobals) = postSolution
		SolutionGuid = {75420160-41A4-488E-A8CD-52B3457BD248}
	EndGlobalSection
EndGlobal
